
Microsoft Visual Studio Solution File, Format Version 12.00
# Visual Studio Version 17
VisualStudioVersion = 17.9.34728.123
MinimumVisualStudioVersion = 10.0.40219.1
Project("{FAE04EC0-301F-11D3-BF4B-00C04F79EFBC}") = "FantasyLeagueOrganizer", "FantasyLeagueOrganizer\FantasyLeagueOrganizer.csproj", "{932FDE32-BF79-4097-9838-0C31968D2409}"
EndProject
Global
	GlobalSection(SolutionConfigurationPlatforms) = preSolution
		Debug|Any CPU = Debug|Any CPU
		Release|Any CPU = Release|Any CPU
	EndGlobalSection
	GlobalSection(ProjectConfigurationPlatforms) = postSolution
		{932FDE32-BF79-4097-9838-0C31968D2409}.Debug|Any CPU.ActiveCfg = Debug|Any CPU
		{932FDE32-BF79-4097-9838-0C31968D2409}.Debug|Any CPU.Build.0 = Debug|Any CPU
		{932FDE32-BF79-4097-9838-0C31968D2409}.Release|Any CPU.ActiveCfg = Release|Any CPU
		{932FDE32-BF79-4097-9838-0C31968D2409}.Release|Any CPU.Build.0 = Release|Any CPU
	EndGlobalSection
	GlobalSection(SolutionProperties) = preSolution
		HideSolutionNode = FALSE
	EndGlobalSection
	GlobalSection(ExtensibilityGlobals) = postSolution
		SolutionGuid = {7900CB4C-622C-4E2F-B0E6-31E01592A15D}
	EndGlobalSection
EndGlobal
